
Microsoft Visual Studio Solution File, Format Version 12.00
# Visual Studio Version 17
VisualStudioVersion = 17.3.32929.385
MinimumVisualStudioVersion = 10.0.40219.1
Project("{FAE04EC0-301F-11D3-BF4B-00C04F79EFBC}") = "LunarSpace", "LunarSpace\LunarSpace.csproj", "{FDA59685-04F4-4C5B-85FE-9823C44962E6}"
EndProject
Global
	GlobalSection(SolutionConfigurationPlatforms) = preSolution
		Debug|Any CPU = Debug|Any CPU
		Release|Any CPU = Release|Any CPU
	EndGlobalSection
	GlobalSection(ProjectConfigurationPlatforms) = postSolution
		{FDA59685-04F4-4C5B-85FE-9823C44962E6}.Debug|Any CPU.ActiveCfg = Debug|Any CPU
		{FDA59685-04F4-4C5B-85FE-9823C44962E6}.Debug|Any CPU.Build.0 = Debug|Any CPU
		{FDA59685-04F4-4C5B-85FE-9823C44962E6}.Release|Any CPU.ActiveCfg = Release|Any CPU
		{FDA59685-04F4-4C5B-85FE-9823C44962E6}.Release|Any CPU.Build.0 = Release|Any CPU
	EndGlobalSection
	GlobalSection(SolutionProperties) = preSolution
		HideSolutionNode = FALSE
	EndGlobalSection
	GlobalSection(ExtensibilityGlobals) = postSolution
		SolutionGuid = {0E3BC2A7-CCCD-4196-BCA0-8E5767D1913A}
	EndGlobalSection
EndGlobal
